
Microsoft Visual Studio Solution File, Format Version 12.00
# Visual Studio Version 17
VisualStudioVersion = 17.0.31919.166
MinimumVisualStudioVersion = 10.0.40219.1
Project("{9A19103F-16F7-4668-BE54-9A1E7A4F7556}") = "Fundamentos.Azure.KeyVault", "Fundamentos.Azure.KeyVault.csproj", "{F45E03AB-2573-4F1D-9BAA-804349AA2B13}"
EndProject
Global
	GlobalSection(SolutionConfigurationPlatforms) = preSolution
		Debug|Any CPU = Debug|Any CPU
		Release|Any CPU = Release|Any CPU
	EndGlobalSection
	GlobalSection(ProjectConfigurationPlatforms) = postSolution
		{F45E03AB-2573-4F1D-9BAA-804349AA2B13}.Debug|Any CPU.ActiveCfg = Debug|Any CPU
		{F45E03AB-2573-4F1D-9BAA-804349AA2B13}.Debug|Any CPU.Build.0 = Debug|Any CPU
		{F45E03AB-2573-4F1D-9BAA-804349AA2B13}.Release|Any CPU.ActiveCfg = Release|Any CPU
		{F45E03AB-2573-4F1D-9BAA-804349AA2B13}.Release|Any CPU.Build.0 = Release|Any CPU
	EndGlobalSection
	GlobalSection(SolutionProperties) = preSolution
		HideSolutionNode = FALSE
	EndGlobalSection
	GlobalSection(ExtensibilityGlobals) = postSolution
		SolutionGuid = {EBF6B036-14F7-4065-B837-0DE9C5EB08F6}
	EndGlobalSection
EndGlobal
